
Microsoft Visual Studio Solution File, Format Version 11.00
# Visual Studio 2010
Project("{8BC9CEB8-8B4A-11D0-8D11-00A0C91BC942}") = "HWMD3118Support", "HWMD3118Support.vcxproj", "{72C3D804-1337-4146-B5B5-7480E83A3F01}"
EndProject
Global
	GlobalSection(TeamFoundationVersionControl) = preSolution
		SccNumberOfProjects = 2
		SccEnterpriseProvider = {4CA58AB2-18FA-4F8D-95D4-32DDF27D184C}
		SccTeamFoundationServer = http://abgvtfs1a:8080/tfs/tpc1
		SccLocalPath0 = .
		SccProjectUniqueName1 = HWMD3118Support.vcxproj
		SccLocalPath1 = .
	EndGlobalSection
	GlobalSection(SolutionConfigurationPlatforms) = preSolution
		Debug|Win32 = Debug|Win32
		Release|Win32 = Release|Win32
	EndGlobalSection
	GlobalSection(ProjectConfigurationPlatforms) = postSolution
		{72C3D804-1337-4146-B5B5-7480E83A3F01}.Debug|Win32.ActiveCfg = Debug|Win32
		{72C3D804-1337-4146-B5B5-7480E83A3F01}.Debug|Win32.Build.0 = Debug|Win32
		{72C3D804-1337-4146-B5B5-7480E83A3F01}.Release|Win32.ActiveCfg = Release|Win32
		{72C3D804-1337-4146-B5B5-7480E83A3F01}.Release|Win32.Build.0 = Release|Win32
	EndGlobalSection
	GlobalSection(SolutionProperties) = preSolution
		HideSolutionNode = FALSE
	EndGlobalSection
EndGlobal
