<?xml version="1.0" encoding="utf-8"?>
<Project ToolsVersion="4.0" xmlns="http://schemas.microsoft.com/developer/msbuild/2003">
  <ItemGroup>
    <ClCompile Include="devqueue.cpp">
      <Filter>Source Files</Filter>
    </ClCompile>
    <ClCompile Include="dispatch.cpp">
      <Filter>Source Files</Filter>
    </ClCompile>
    <ClCompile Include="DriverEntry.cpp">
      <Filter>Source Files</Filter>
    </ClCompile>
    <ClCompile Include="FscCpuid.cpp">
      <Filter>Source Files</Filter>
    </ClCompile>
    <ClCompile Include="ioctl.cpp">
      <Filter>Source Files</Filter>
    </ClCompile>
    <ClCompile Include="plugplay.cpp">
      <Filter>Source Files</Filter>
    </ClCompile>
    <ClCompile Include="power.cpp">
      <Filter>Source Files</Filter>
    </ClCompile>
    <ClCompile Include="removelock.cpp">
      <Filter>Source Files</Filter>
    </ClCompile>
  </ItemGroup>
  <ItemGroup>
    <MASM Include="i386\getmsr.asm">
      <Filter>Source Files\i386</Filter>
    </MASM>
    <MASM Include="amd64\cpuid.asm">
      <Filter>Source Files\amd64</Filter>
    </MASM>
    <MASM Include="i386\cpuid.asm">
      <Filter>Source Files\i386</Filter>
    </MASM>
    <MASM Include="amd64\getmsr.asm">
      <Filter>Source Files\amd64</Filter>
    </MASM>
  </ItemGroup>
  <ItemGroup>
    <Filter Include="Source Files">
      <UniqueIdentifier>{bdcc8f1a-291c-4367-a187-8262ce711eb3}</UniqueIdentifier>
    </Filter>
    <Filter Include="Header Files">
      <UniqueIdentifier>{b8140821-f6d9-4148-80b6-c9b1eacbaf0e}</UniqueIdentifier>
    </Filter>
    <Filter Include="Driver Files">
      <UniqueIdentifier>{b3ebcd41-6aa3-4c54-9b1f-0b578bfb9982}</UniqueIdentifier>
    </Filter>
    <Filter Include="Resource Files">
      <UniqueIdentifier>{63d9dc49-62e0-4f5c-82a8-d187fe7f90e0}</UniqueIdentifier>
    </Filter>
    <Filter Include="Source Files\amd64">
      <UniqueIdentifier>{afcb5db4-c5dc-4cb3-8699-76870f624280}</UniqueIdentifier>
    </Filter>
    <Filter Include="Source Files\i386">
      <UniqueIdentifier>{991ae00b-7c7c-430b-a35a-e54c82b73904}</UniqueIdentifier>
    </Filter>
  </ItemGroup>
  <ItemGroup>
    <Inf Include="FscCpuid.inf">
      <Filter>Driver Files</Filter>
    </Inf>
  </ItemGroup>
  <ItemGroup>
    <ResourceCompile Include="cpuid.rc">
      <Filter>Resource Files</Filter>
    </ResourceCompile>
  </ItemGroup>
  <ItemGroup>
    <ClInclude Include="driver.h">
      <Filter>Header Files</Filter>
    </ClInclude>
    <ClInclude Include="resource.h">
      <Filter>Header Files</Filter>
    </ClInclude>
  </ItemGroup>
</Project>