<?xml version="1.0" encoding="utf-8"?>
<Project ToolsVersion="4.0" xmlns="http://schemas.microsoft.com/developer/msbuild/2003">
  <ItemGroup>
    <ClCompile Include="removelock.cpp">
      <Filter>Source Files</Filter>
    </ClCompile>
    <ClCompile Include="power.cpp">
      <Filter>Source Files</Filter>
    </ClCompile>
    <ClCompile Include="plugplay.cpp">
      <Filter>Source Files</Filter>
    </ClCompile>
    <ClCompile Include="ioctl.cpp">
      <Filter>Source Files</Filter>
    </ClCompile>
    <ClCompile Include="FscTime.cpp">
      <Filter>Source Files</Filter>
    </ClCompile>
    <ClCompile Include="DriverEntry.cpp">
      <Filter>Source Files</Filter>
    </ClCompile>
    <ClCompile Include="dispatch.cpp">
      <Filter>Source Files</Filter>
    </ClCompile>
    <ClCompile Include="devqueue.cpp">
      <Filter>Source Files</Filter>
    </ClCompile>
  </ItemGroup>
  <ItemGroup>
    <Filter Include="Source Files">
      <UniqueIdentifier>{582c9f6a-ae13-4c84-aed4-79677f4d3e86}</UniqueIdentifier>
    </Filter>
    <Filter Include="Header Files">
      <UniqueIdentifier>{45d4bd1e-4b7e-498a-b79c-84f4b9c961d4}</UniqueIdentifier>
    </Filter>
    <Filter Include="Resource Files">
      <UniqueIdentifier>{fea11e43-8e30-443b-a3ba-df1a16315413}</UniqueIdentifier>
    </Filter>
    <Filter Include="Driver Files">
      <UniqueIdentifier>{7c90fd64-7829-43b3-bf4d-2dc68c8a8f23}</UniqueIdentifier>
    </Filter>
  </ItemGroup>
  <ItemGroup>
    <ClInclude Include="driver.h">
      <Filter>Header Files</Filter>
    </ClInclude>
    <ClInclude Include="FscTime.h">
      <Filter>Header Files</Filter>
    </ClInclude>
    <ClInclude Include="resource.h">
      <Filter>Header Files</Filter>
    </ClInclude>
  </ItemGroup>
  <ItemGroup>
    <ResourceCompile Include="FscTime.rc">
      <Filter>Resource Files</Filter>
    </ResourceCompile>
  </ItemGroup>
  <ItemGroup>
    <Inf Include="FscTime.inf">
      <Filter>Driver Files</Filter>
    </Inf>
  </ItemGroup>
</Project>