<?xml version="1.0" encoding="utf-8"?>
<Project ToolsVersion="4.0" xmlns="http://schemas.microsoft.com/developer/msbuild/2003">
  <ItemGroup>
    <Filter Include="Support Files">
      <UniqueIdentifier>{37f34cec-546f-4189-b86f-a579d1d3b04a}</UniqueIdentifier>
    </Filter>
    <Filter Include="Support Files\Reg">
      <UniqueIdentifier>{5c7b5d02-64fd-41de-8b19-7ea7fc6ef0a2}</UniqueIdentifier>
    </Filter>
  </ItemGroup>
  <ItemGroup>
    <CustomBuild Include="..\Registry\HWMD2594.reg">
      <Filter>Support Files\Reg</Filter>
    </CustomBuild>
  </ItemGroup>
</Project>