
Microsoft Visual Studio Solution File, Format Version 11.00
# Visual Studio 2010
Project("{8BC9CEB8-8B4A-11D0-8D11-00A0C91BC942}") = "HWMD2981Support", "HWMD2981Support.vcxproj", "{F3C03622-67DB-4FC9-AAE5-5432ADD327FF}"
EndProject
Global
	GlobalSection(TeamFoundationVersionControl) = preSolution
		SccNumberOfProjects = 2
		SccEnterpriseProvider = {4CA58AB2-18FA-4F8D-95D4-32DDF27D184C}
		SccTeamFoundationServer = http://abgvtfs1a.abg.fsc.net:8080/tfs/tpc1
		SccLocalPath0 = .
		SccProjectUniqueName1 = HWMD2981Support.vcxproj
		SccLocalPath1 = .
	EndGlobalSection
	GlobalSection(SolutionConfigurationPlatforms) = preSolution
		Debug|Win32 = Debug|Win32
		Release|Win32 = Release|Win32
	EndGlobalSection
	GlobalSection(ProjectConfigurationPlatforms) = postSolution
		{F3C03622-67DB-4FC9-AAE5-5432ADD327FF}.Debug|Win32.ActiveCfg = Debug|Win32
		{F3C03622-67DB-4FC9-AAE5-5432ADD327FF}.Debug|Win32.Build.0 = Debug|Win32
		{F3C03622-67DB-4FC9-AAE5-5432ADD327FF}.Release|Win32.ActiveCfg = Release|Win32
		{F3C03622-67DB-4FC9-AAE5-5432ADD327FF}.Release|Win32.Build.0 = Release|Win32
	EndGlobalSection
	GlobalSection(SolutionProperties) = preSolution
		HideSolutionNode = FALSE
	EndGlobalSection
EndGlobal
