<?xml version="1.0" encoding="utf-8"?>
<Project ToolsVersion="4.0" xmlns="http://schemas.microsoft.com/developer/msbuild/2003">
  <ItemGroup>
    <Filter Include="Support Files">
      <UniqueIdentifier>{11cf4871-f334-4911-8fdb-949d9b5a91d6}</UniqueIdentifier>
    </Filter>
    <Filter Include="Support Files\Reg">
      <UniqueIdentifier>{6750a47b-dfce-4133-87da-005c69a4cb10}</UniqueIdentifier>
    </Filter>
  </ItemGroup>
  <ItemGroup>
    <CustomBuild Include="..\Registry\HWMD2804.reg">
      <Filter>Support Files\Reg</Filter>
    </CustomBuild>
  </ItemGroup>
</Project>