<?xml version="1.0" encoding="utf-8"?>
<Project ToolsVersion="4.0" xmlns="http://schemas.microsoft.com/developer/msbuild/2003">
  <ItemGroup>
    <Filter Include="Support Files">
      <UniqueIdentifier>{aae08b06-8330-466a-bab8-a99ca8d16133}</UniqueIdentifier>
    </Filter>
    <Filter Include="Support Files\Reg">
      <UniqueIdentifier>{a1e5a16d-5875-4306-b860-a212863d1241}</UniqueIdentifier>
    </Filter>
  </ItemGroup>
  <ItemGroup>
    <CustomBuild Include="..\Registry\HWMD3064.reg">
      <Filter>Support Files\Reg</Filter>
    </CustomBuild>
  </ItemGroup>
</Project>