<?xml version="1.0" encoding="utf-8"?>
<Project ToolsVersion="4.0" xmlns="http://schemas.microsoft.com/developer/msbuild/2003">
  <ItemGroup>
    <Filter Include="Support Files">
      <UniqueIdentifier>{bf670b87-cb18-49c2-9863-339d9681b15a}</UniqueIdentifier>
    </Filter>
    <Filter Include="Support Files\Reg">
      <UniqueIdentifier>{4cdcaadd-2deb-4fc1-8de2-f30f74751e0a}</UniqueIdentifier>
    </Filter>
  </ItemGroup>
  <ItemGroup>
    <CustomBuild Include="..\Registry\HWMD3061.reg">
      <Filter>Support Files\Reg</Filter>
    </CustomBuild>
  </ItemGroup>
</Project>