
Microsoft Visual Studio Solution File, Format Version 12.00
# Visual Studio Version 17
VisualStudioVersion = 17.14.37111.16 d17.14
MinimumVisualStudioVersion = 10.0.40219.1
Project("{8BC9CEB8-8B4A-11D0-8D11-00A0C91BC942}") = "GabiAcpiTest", "GabiAcpiTest\GabiAcpiTest.vcxproj", "{11DA5FBE-40AE-4ACD-8AC3-864AC47D7492}"
EndProject
Project("{8BC9CEB8-8B4A-11D0-8D11-00A0C91BC942}") = "GabiAcpi", "GabiAcpi\GabiAcpi.vcxproj", "{8CF74B16-2EFC-45AB-833C-3987CDE67171}"
EndProject
Project("{8BC9CEB8-8B4A-11D0-8D11-00A0C91BC942}") = "FscGabi", "FscGabi\FscGabi.vcxproj", "{4B93D971-5896-4C7B-8AF7-1FF709607B79}"
EndProject
Global
	GlobalSection(SolutionConfigurationPlatforms) = preSolution
		Debug|UniversalX64 = Debug|UniversalX64
		Release|UniversalX64 = Release|UniversalX64
	EndGlobalSection
	GlobalSection(ProjectConfigurationPlatforms) = postSolution
		{11DA5FBE-40AE-4ACD-8AC3-864AC47D7492}.Debug|UniversalX64.ActiveCfg = Debug|x64
		{11DA5FBE-40AE-4ACD-8AC3-864AC47D7492}.Release|UniversalX64.ActiveCfg = Release|x64
		{8CF74B16-2EFC-45AB-833C-3987CDE67171}.Debug|UniversalX64.ActiveCfg = Debug|x64
		{8CF74B16-2EFC-45AB-833C-3987CDE67171}.Debug|UniversalX64.Build.0 = Debug|x64
		{8CF74B16-2EFC-45AB-833C-3987CDE67171}.Release|UniversalX64.ActiveCfg = Release|x64
		{8CF74B16-2EFC-45AB-833C-3987CDE67171}.Release|UniversalX64.Build.0 = Release|x64
		{4B93D971-5896-4C7B-8AF7-1FF709607B79}.Debug|UniversalX64.ActiveCfg = Debug|x64
		{4B93D971-5896-4C7B-8AF7-1FF709607B79}.Debug|UniversalX64.Build.0 = Debug|x64
		{4B93D971-5896-4C7B-8AF7-1FF709607B79}.Release|UniversalX64.ActiveCfg = Release|x64
		{4B93D971-5896-4C7B-8AF7-1FF709607B79}.Release|UniversalX64.Build.0 = Release|x64
	EndGlobalSection
	GlobalSection(SolutionProperties) = preSolution
		HideSolutionNode = FALSE
	EndGlobalSection
EndGlobal
